
Microsoft Visual Studio Solution File, Format Version 12.00
# Visual Studio Version 17
VisualStudioVersion = 17.13.35825.156 d17.13
MinimumVisualStudioVersion = 10.0.40219.1
Project("{8BC9CEB8-8B4A-11D0-8D11-00A0C91BC942}") = "Excursion 2 - 3", "Excursion 2 - 3.vcxproj", "{4CEF973D-6361-34E2-52E6-A95D44832495}"
EndProject
Global
	GlobalSection(SolutionConfigurationPlatforms) = preSolution
		Debug|x64 = Debug|x64
		Debug|x86 = Debug|x86
		Release|x64 = Release|x64
		Release|x86 = Release|x86
	EndGlobalSection
	GlobalSection(ProjectConfigurationPlatforms) = postSolution
		{4CEF973D-6361-34E2-52E6-A95D44832495}.Debug|x64.ActiveCfg = Debug|x64
		{4CEF973D-6361-34E2-52E6-A95D44832495}.Debug|x64.Build.0 = Debug|x64
		{4CEF973D-6361-34E2-52E6-A95D44832495}.Debug|x86.ActiveCfg = Debug|Win32
		{4CEF973D-6361-34E2-52E6-A95D44832495}.Debug|x86.Build.0 = Debug|Win32
		{4CEF973D-6361-34E2-52E6-A95D44832495}.Release|x64.ActiveCfg = Release|x64
		{4CEF973D-6361-34E2-52E6-A95D44832495}.Release|x64.Build.0 = Release|x64
		{4CEF973D-6361-34E2-52E6-A95D44832495}.Release|x86.ActiveCfg = Release|Win32
		{4CEF973D-6361-34E2-52E6-A95D44832495}.Release|x86.Build.0 = Release|Win32
	EndGlobalSection
	GlobalSection(SolutionProperties) = preSolution
		HideSolutionNode = FALSE
	EndGlobalSection
	GlobalSection(ExtensibilityGlobals) = postSolution
		SolutionGuid = {5D651A47-113A-4995-8E24-64AB3BEA02E1}
	EndGlobalSection
EndGlobal
